
Microsoft Visual Studio Solution File, Format Version 12.00
# Visual Studio Version 17
VisualStudioVersion = 17.2.32616.157
MinimumVisualStudioVersion = 10.0.40219.1
Project("{FAE04EC0-301F-11D3-BF4B-00C04F79EFBC}") = "TodoList.UWP", "TodoList.UWP\TodoList.UWP.csproj", "{C9C60E0D-0F39-439A-AC77-009FC3D00ED6}"
EndProject
Project("{FAE04EC0-301F-11D3-BF4B-00C04F79EFBC}") = "TodoList.Android", "TodoList.Android\TodoList.Android.csproj", "{7C4FBC01-1812-4334-93A1-93117C6A35F1}"
EndProject
Project("{FAE04EC0-301F-11D3-BF4B-00C04F79EFBC}") = "TodoList.iOS", "TodoList.iOS\TodoList.iOS.csproj", "{6320B92F-2F80-407A-8763-55B8215C5D8D}"
EndProject
Project("{FAE04EC0-301F-11D3-BF4B-00C04F79EFBC}") = "TodoList", "TodoList\TodoList.csproj", "{8E84DC5C-2273-4453-9953-A2AB2EE055CE}"
EndProject
Global
	GlobalSection(SolutionConfigurationPlatforms) = preSolution
		Debug|Any CPU = Debug|Any CPU
		Debug|ARM = Debug|ARM
		Debug|iPhone = Debug|iPhone
		Debug|iPhoneSimulator = Debug|iPhoneSimulator
		Debug|x64 = Debug|x64
		Debug|x86 = Debug|x86
		Release|Any CPU = Release|Any CPU
		Release|ARM = Release|ARM
		Release|iPhone = Release|iPhone
		Release|iPhoneSimulator = Release|iPhoneSimulator
		Release|x64 = Release|x64
		Release|x86 = Release|x86
	EndGlobalSection
	GlobalSection(ProjectConfigurationPlatforms) = postSolution
		{C9C60E0D-0F39-439A-AC77-009FC3D00ED6}.Debug|Any CPU.ActiveCfg = Debug|x64
		{C9C60E0D-0F39-439A-AC77-009FC3D00ED6}.Debug|Any CPU.Build.0 = Debug|x64
		{C9C60E0D-0F39-439A-AC77-009FC3D00ED6}.Debug|Any CPU.Deploy.0 = Debug|x64
		{C9C60E0D-0F39-439A-AC77-009FC3D00ED6}.Debug|ARM.ActiveCfg = Debug|ARM
		{C9C60E0D-0F39-439A-AC77-009FC3D00ED6}.Debug|ARM.Build.0 = Debug|ARM
		{C9C60E0D-0F39-439A-AC77-009FC3D00ED6}.Debug|ARM.Deploy.0 = Debug|ARM
		{C9C60E0D-0F39-439A-AC77-009FC3D00ED6}.Debug|iPhone.ActiveCfg = Debug|x64
		{C9C60E0D-0F39-439A-AC77-009FC3D00ED6}.Debug|iPhone.Build.0 = Debug|x64
		{C9C60E0D-0F39-439A-AC77-009FC3D00ED6}.Debug|iPhone.Deploy.0 = Debug|x64
		{C9C60E0D-0F39-439A-AC77-009FC3D00ED6}.Debug|iPhoneSimulator.ActiveCfg = Debug|x64
		{C9C60E0D-0F39-439A-AC77-009FC3D00ED6}.Debug|iPhoneSimulator.Build.0 = Debug|x64
		{C9C60E0D-0F39-439A-AC77-009FC3D00ED6}.Debug|iPhoneSimulator.Deploy.0 = Debug|x64
		{C9C60E0D-0F39-439A-AC77-009FC3D00ED6}.Debug|x64.ActiveCfg = Debug|x64
		{C9C60E0D-0F39-439A-AC77-009FC3D00ED6}.Debug|x64.Build.0 = Debug|x64
		{C9C60E0D-0F39-439A-AC77-009FC3D00ED6}.Debug|x64.Deploy.0 = Debug|x64
		{C9C60E0D-0F39-439A-AC77-009FC3D00ED6}.Debug|x86.ActiveCfg = Debug|x86
		{C9C60E0D-0F39-439A-AC77-009FC3D00ED6}.Debug|x86.Build.0 = Debug|x86
		{C9C60E0D-0F39-439A-AC77-009FC3D00ED6}.Debug|x86.Deploy.0 = Debug|x86
		{C9C60E0D-0F39-439A-AC77-009FC3D00ED6}.Release|Any CPU.ActiveCfg = Release|x64
		{C9C60E0D-0F39-439A-AC77-009FC3D00ED6}.Release|Any CPU.Build.0 = Release|x64
		{C9C60E0D-0F39-439A-AC77-009FC3D00ED6}.Release|Any CPU.Deploy.0 = Release|x64
		{C9C60E0D-0F39-439A-AC77-009FC3D00ED6}.Release|ARM.ActiveCfg = Release|ARM
		{C9C60E0D-0F39-439A-AC77-009FC3D00ED6}.Release|ARM.Build.0 = Release|ARM
		{C9C60E0D-0F39-439A-AC77-009FC3D00ED6}.Release|ARM.Deploy.0 = Release|ARM
		{C9C60E0D-0F39-439A-AC77-009FC3D00ED6}.Release|iPhone.ActiveCfg = Release|x64
		{C9C60E0D-0F39-439A-AC77-009FC3D00ED6}.Release|iPhone.Build.0 = Release|x64
		{C9C60E0D-0F39-439A-AC77-009FC3D00ED6}.Release|iPhone.Deploy.0 = Release|x64
		{C9C60E0D-0F39-439A-AC77-009FC3D00ED6}.Release|iPhoneSimulator.ActiveCfg = Release|x64
		{C9C60E0D-0F39-439A-AC77-009FC3D00ED6}.Release|iPhoneSimulator.Build.0 = Release|x64
		{C9C60E0D-0F39-439A-AC77-009FC3D00ED6}.Release|iPhoneSimulator.Deploy.0 = Release|x64
		{C9C60E0D-0F39-439A-AC77-009FC3D00ED6}.Release|x64.ActiveCfg = Release|x64
		{C9C60E0D-0F39-439A-AC77-009FC3D00ED6}.Release|x64.Build.0 = Release|x64
		{C9C60E0D-0F39-439A-AC77-009FC3D00ED6}.Release|x64.Deploy.0 = Release|x64
		{C9C60E0D-0F39-439A-AC77-009FC3D00ED6}.Release|x86.ActiveCfg = Release|x86
		{C9C60E0D-0F39-439A-AC77-009FC3D00ED6}.Release|x86.Build.0 = Release|x86
		{C9C60E0D-0F39-439A-AC77-009FC3D00ED6}.Release|x86.Deploy.0 = Release|x86
		{7C4FBC01-1812-4334-93A1-93117C6A35F1}.Debug|Any CPU.ActiveCfg = Debug|Any CPU
		{7C4FBC01-1812-4334-93A1-93117C6A35F1}.Debug|Any CPU.Build.0 = Debug|Any CPU
		{7C4FBC01-1812-4334-93A1-93117C6A35F1}.Debug|Any CPU.Deploy.0 = Debug|Any CPU
		{7C4FBC01-1812-4334-93A1-93117C6A35F1}.Debug|ARM.ActiveCfg = Debug|Any CPU
		{7C4FBC01-1812-4334-93A1-93117C6A35F1}.Debug|ARM.Build.0 = Debug|Any CPU
		{7C4FBC01-1812-4334-93A1-93117C6A35F1}.Debug|ARM.Deploy.0 = Debug|Any CPU
		{7C4FBC01-1812-4334-93A1-93117C6A35F1}.Debug|iPhone.ActiveCfg = Debug|Any CPU
		{7C4FBC01-1812-4334-93A1-93117C6A35F1}.Debug|iPhone.Build.0 = Debug|Any CPU
		{7C4FBC01-1812-4334-93A1-93117C6A35F1}.Debug|iPhone.Deploy.0 = Debug|Any CPU
		{7C4FBC01-1812-4334-93A1-93117C6A35F1}.Debug|iPhoneSimulator.ActiveCfg = Debug|Any CPU
		{7C4FBC01-1812-4334-93A1-93117C6A35F1}.Debug|iPhoneSimulator.Build.0 = Debug|Any CPU
		{7C4FBC01-1812-4334-93A1-93117C6A35F1}.Debug|iPhoneSimulator.Deploy.0 = Debug|Any CPU
		{7C4FBC01-1812-4334-93A1-93117C6A35F1}.Debug|x64.ActiveCfg = Debug|Any CPU
		{7C4FBC01-1812-4334-93A1-93117C6A35F1}.Debug|x64.Build.0 = Debug|Any CPU
		{7C4FBC01-1812-4334-93A1-93117C6A35F1}.Debug|x64.Deploy.0 = Debug|Any CPU
		{7C4FBC01-1812-4334-93A1-93117C6A35F1}.Debug|x86.ActiveCfg = Debug|Any CPU
		{7C4FBC01-1812-4334-93A1-93117C6A35F1}.Debug|x86.Build.0 = Debug|Any CPU
		{7C4FBC01-1812-4334-93A1-93117C6A35F1}.Debug|x86.Deploy.0 = Debug|Any CPU
		{7C4FBC01-1812-4334-93A1-93117C6A35F1}.Release|Any CPU.ActiveCfg = Release|Any CPU
		{7C4FBC01-1812-4334-93A1-93117C6A35F1}.Release|Any CPU.Build.0 = Release|Any CPU
		{7C4FBC01-1812-4334-93A1-93117C6A35F1}.Release|Any CPU.Deploy.0 = Release|Any CPU
		{7C4FBC01-1812-4334-93A1-93117C6A35F1}.Release|ARM.ActiveCfg = Release|Any CPU
		{7C4FBC01-1812-4334-93A1-93117C6A35F1}.Release|ARM.Build.0 = Release|Any CPU
		{7C4FBC01-1812-4334-93A1-93117C6A35F1}.Release|ARM.Deploy.0 = Release|Any CPU
		{7C4FBC01-1812-4334-93A1-93117C6A35F1}.Release|iPhone.ActiveCfg = Release|Any CPU
		{7C4FBC01-1812-4334-93A1-93117C6A35F1}.Release|iPhone.Build.0 = Release|Any CPU
		{7C4FBC01-1812-4334-93A1-93117C6A35F1}.Release|iPhone.Deploy.0 = Release|Any CPU
		{7C4FBC01-1812-4334-93A1-93117C6A35F1}.Release|iPhoneSimulator.ActiveCfg = Release|Any CPU
		{7C4FBC01-1812-4334-93A1-93117C6A35F1}.Release|iPhoneSimulator.Build.0 = Release|Any CPU
		{7C4FBC01-1812-4334-93A1-93117C6A35F1}.Release|iPhoneSimulator.Deploy.0 = Release|Any CPU
		{7C4FBC01-1812-4334-93A1-93117C6A35F1}.Release|x64.ActiveCfg = Release|Any CPU
		{7C4FBC01-1812-4334-93A1-93117C6A35F1}.Release|x64.Build.0 = Release|Any CPU
		{7C4FBC01-1812-4334-93A1-93117C6A35F1}.Release|x64.Deploy.0 = Release|Any CPU
		{7C4FBC01-1812-4334-93A1-93117C6A35F1}.Release|x86.ActiveCfg = Release|Any CPU
		{7C4FBC01-1812-4334-93A1-93117C6A35F1}.Release|x86.Build.0 = Release|Any CPU
		{7C4FBC01-1812-4334-93A1-93117C6A35F1}.Release|x86.Deploy.0 = Release|Any CPU
		{6320B92F-2F80-407A-8763-55B8215C5D8D}.Debug|Any CPU.ActiveCfg = Debug|iPhoneSimulator
		{6320B92F-2F80-407A-8763-55B8215C5D8D}.Debug|Any CPU.Build.0 = Debug|iPhoneSimulator
		{6320B92F-2F80-407A-8763-55B8215C5D8D}.Debug|Any CPU.Deploy.0 = Debug|iPhoneSimulator
		{6320B92F-2F80-407A-8763-55B8215C5D8D}.Debug|ARM.ActiveCfg = Debug|iPhoneSimulator
		{6320B92F-2F80-407A-8763-55B8215C5D8D}.Debug|ARM.Build.0 = Debug|iPhoneSimulator
		{6320B92F-2F80-407A-8763-55B8215C5D8D}.Debug|ARM.Deploy.0 = Debug|iPhoneSimulator
		{6320B92F-2F80-407A-8763-55B8215C5D8D}.Debug|iPhone.ActiveCfg = Debug|iPhone
		{6320B92F-2F80-407A-8763-55B8215C5D8D}.Debug|iPhone.Build.0 = Debug|iPhone
		{6320B92F-2F80-407A-8763-55B8215C5D8D}.Debug|iPhone.Deploy.0 = Debug|iPhone
		{6320B92F-2F80-407A-8763-55B8215C5D8D}.Debug|iPhoneSimulator.ActiveCfg = Debug|iPhoneSimulator
		{6320B92F-2F80-407A-8763-55B8215C5D8D}.Debug|iPhoneSimulator.Build.0 = Debug|iPhoneSimulator
		{6320B92F-2F80-407A-8763-55B8215C5D8D}.Debug|iPhoneSimulator.Deploy.0 = Debug|iPhoneSimulator
		{6320B92F-2F80-407A-8763-55B8215C5D8D}.Debug|x64.ActiveCfg = Debug|iPhone
		{6320B92F-2F80-407A-8763-55B8215C5D8D}.Debug|x64.Build.0 = Debug|iPhone
		{6320B92F-2F80-407A-8763-55B8215C5D8D}.Debug|x64.Deploy.0 = Debug|iPhone
		{6320B92F-2F80-407A-8763-55B8215C5D8D}.Debug|x86.ActiveCfg = Debug|iPhoneSimulator
		{6320B92F-2F80-407A-8763-55B8215C5D8D}.Debug|x86.Build.0 = Debug|iPhoneSimulator
		{6320B92F-2F80-407A-8763-55B8215C5D8D}.Debug|x86.Deploy.0 = Debug|iPhoneSimulator
		{6320B92F-2F80-407A-8763-55B8215C5D8D}.Release|Any CPU.ActiveCfg = Release|iPhoneSimulator
		{6320B92F-2F80-407A-8763-55B8215C5D8D}.Release|Any CPU.Build.0 = Release|iPhoneSimulator
		{6320B92F-2F80-407A-8763-55B8215C5D8D}.Release|Any CPU.Deploy.0 = Release|iPhoneSimulator
		{6320B92F-2F80-407A-8763-55B8215C5D8D}.Release|ARM.ActiveCfg = Release|iPhoneSimulator
		{6320B92F-2F80-407A-8763-55B8215C5D8D}.Release|ARM.Build.0 = Release|iPhoneSimulator
		{6320B92F-2F80-407A-8763-55B8215C5D8D}.Release|ARM.Deploy.0 = Release|iPhoneSimulator
		{6320B92F-2F80-407A-8763-55B8215C5D8D}.Release|iPhone.ActiveCfg = Release|iPhone
		{6320B92F-2F80-407A-8763-55B8215C5D8D}.Release|iPhone.Build.0 = Release|iPhone
		{6320B92F-2F80-407A-8763-55B8215C5D8D}.Release|iPhone.Deploy.0 = Release|iPhone
		{6320B92F-2F80-407A-8763-55B8215C5D8D}.Release|iPhoneSimulator.ActiveCfg = Release|iPhoneSimulator
		{6320B92F-2F80-407A-8763-55B8215C5D8D}.Release|iPhoneSimulator.Build.0 = Release|iPhoneSimulator
		{6320B92F-2F80-407A-8763-55B8215C5D8D}.Release|iPhoneSimulator.Deploy.0 = Release|iPhoneSimulator
		{6320B92F-2F80-407A-8763-55B8215C5D8D}.Release|x64.ActiveCfg = Release|iPhoneSimulator
		{6320B92F-2F80-407A-8763-55B8215C5D8D}.Release|x64.Build.0 = Release|iPhoneSimulator
		{6320B92F-2F80-407A-8763-55B8215C5D8D}.Release|x64.Deploy.0 = Release|iPhoneSimulator
		{6320B92F-2F80-407A-8763-55B8215C5D8D}.Release|x86.ActiveCfg = Release|iPhoneSimulator
		{6320B92F-2F80-407A-8763-55B8215C5D8D}.Release|x86.Build.0 = Release|iPhoneSimulator
		{6320B92F-2F80-407A-8763-55B8215C5D8D}.Release|x86.Deploy.0 = Release|iPhoneSimulator
		{8E84DC5C-2273-4453-9953-A2AB2EE055CE}.Debug|Any CPU.ActiveCfg = Debug|Any CPU
		{8E84DC5C-2273-4453-9953-A2AB2EE055CE}.Debug|Any CPU.Build.0 = Debug|Any CPU
		{8E84DC5C-2273-4453-9953-A2AB2EE055CE}.Debug|Any CPU.Deploy.0 = Debug|Any CPU
		{8E84DC5C-2273-4453-9953-A2AB2EE055CE}.Debug|ARM.ActiveCfg = Debug|Any CPU
		{8E84DC5C-2273-4453-9953-A2AB2EE055CE}.Debug|ARM.Build.0 = Debug|Any CPU
		{8E84DC5C-2273-4453-9953-A2AB2EE055CE}.Debug|ARM.Deploy.0 = Debug|Any CPU
		{8E84DC5C-2273-4453-9953-A2AB2EE055CE}.Debug|iPhone.ActiveCfg = Debug|Any CPU
		{8E84DC5C-2273-4453-9953-A2AB2EE055CE}.Debug|iPhone.Build.0 = Debug|Any CPU
		{8E84DC5C-2273-4453-9953-A2AB2EE055CE}.Debug|iPhone.Deploy.0 = Debug|Any CPU
		{8E84DC5C-2273-4453-9953-A2AB2EE055CE}.Debug|iPhoneSimulator.ActiveCfg = Debug|Any CPU
		{8E84DC5C-2273-4453-9953-A2AB2EE055CE}.Debug|iPhoneSimulator.Build.0 = Debug|Any CPU
		{8E84DC5C-2273-4453-9953-A2AB2EE055CE}.Debug|iPhoneSimulator.Deploy.0 = Debug|Any CPU
		{8E84DC5C-2273-4453-9953-A2AB2EE055CE}.Debug|x64.ActiveCfg = Debug|Any CPU
		{8E84DC5C-2273-4453-9953-A2AB2EE055CE}.Debug|x64.Build.0 = Debug|Any CPU
		{8E84DC5C-2273-4453-9953-A2AB2EE055CE}.Debug|x64.Deploy.0 = Debug|Any CPU
		{8E84DC5C-2273-4453-9953-A2AB2EE055CE}.Debug|x86.ActiveCfg = Debug|Any CPU
		{8E84DC5C-2273-4453-9953-A2AB2EE055CE}.Debug|x86.Build.0 = Debug|Any CPU
		{8E84DC5C-2273-4453-9953-A2AB2EE055CE}.Debug|x86.Deploy.0 = Debug|Any CPU
		{8E84DC5C-2273-4453-9953-A2AB2EE055CE}.Release|Any CPU.ActiveCfg = Release|Any CPU
		{8E84DC5C-2273-4453-9953-A2AB2EE055CE}.Release|Any CPU.Build.0 = Release|Any CPU
		{8E84DC5C-2273-4453-9953-A2AB2EE055CE}.Release|Any CPU.Deploy.0 = Release|Any CPU
		{8E84DC5C-2273-4453-9953-A2AB2EE055CE}.Release|ARM.ActiveCfg = Release|Any CPU
		{8E84DC5C-2273-4453-9953-A2AB2EE055CE}.Release|ARM.Build.0 = Release|Any CPU
		{8E84DC5C-2273-4453-9953-A2AB2EE055CE}.Release|ARM.Deploy.0 = Release|Any CPU
		{8E84DC5C-2273-4453-9953-A2AB2EE055CE}.Release|iPhone.ActiveCfg = Release|Any CPU
		{8E84DC5C-2273-4453-9953-A2AB2EE055CE}.Release|iPhone.Build.0 = Release|Any CPU
		{8E84DC5C-2273-4453-9953-A2AB2EE055CE}.Release|iPhone.Deploy.0 = Release|Any CPU
		{8E84DC5C-2273-4453-9953-A2AB2EE055CE}.Release|iPhoneSimulator.ActiveCfg = Release|Any CPU
		{8E84DC5C-2273-4453-9953-A2AB2EE055CE}.Release|iPhoneSimulator.Build.0 = Release|Any CPU
		{8E84DC5C-2273-4453-9953-A2AB2EE055CE}.Release|iPhoneSimulator.Deploy.0 = Release|Any CPU
		{8E84DC5C-2273-4453-9953-A2AB2EE055CE}.Release|x64.ActiveCfg = Release|Any CPU
		{8E84DC5C-2273-4453-9953-A2AB2EE055CE}.Release|x64.Build.0 = Release|Any CPU
		{8E84DC5C-2273-4453-9953-A2AB2EE055CE}.Release|x64.Deploy.0 = Release|Any CPU
		{8E84DC5C-2273-4453-9953-A2AB2EE055CE}.Release|x86.ActiveCfg = Release|Any CPU
		{8E84DC5C-2273-4453-9953-A2AB2EE055CE}.Release|x86.Build.0 = Release|Any CPU
		{8E84DC5C-2273-4453-9953-A2AB2EE055CE}.Release|x86.Deploy.0 = Release|Any CPU
	EndGlobalSection
	GlobalSection(SolutionProperties) = preSolution
		HideSolutionNode = FALSE
	EndGlobalSection
	GlobalSection(ExtensibilityGlobals) = postSolution
		SolutionGuid = {58BB14E3-BF8E-4914-942C-99DE8A1A6C37}
	EndGlobalSection
EndGlobal
